// !$*UTF8*$!
{
	archiveVersion = 1;
	classes = {
	};
	objectVersion = 56;
	objects = {

/* Begin PBXBuildFile section */
		049EE2AB29BFA18E002BB355 /* MoviesNetworking.swift in Sources */ = {isa = PBXBuildFile; fileRef = 049EE2AA29BFA18E002BB355 /* MoviesNetworking.swift */; };
		049EE2B229BFA390002BB355 /* Movie.swift in Sources */ = {isa = PBXBuildFile; fileRef = 049EE2B129BFA390002BB355 /* Movie.swift */; };
		049EE2B429BFA60E002BB355 /* Response.swift in Sources */ = {isa = PBXBuildFile; fileRef = 049EE2B329BFA60E002BB355 /* Response.swift */; };
		049EE2B729BFA6CE002BB355 /* MoviesNetworkManager.swift in Sources */ = {isa = PBXBuildFile; fileRef = 049EE2B629BFA6CE002BB355 /* MoviesNetworkManager.swift */; };
		049EE2B929BFAB3D002BB355 /* MoviesAPI.swift in Sources */ = {isa = PBXBuildFile; fileRef = 049EE2B829BFAB3D002BB355 /* MoviesAPI.swift */; };
		049EE2BB29BFB270002BB355 /* LoadDataViewController.swift in Sources */ = {isa = PBXBuildFile; fileRef = 049EE2BA29BFB270002BB355 /* LoadDataViewController.swift */; };
		04F5F57829BF9C5800D9DED9 /* Home.storyboard in Resources */ = {isa = PBXBuildFile; fileRef = 04F5F57729BF9C5800D9DED9 /* Home.storyboard */; };
		04F5F57A29BF9C9100D9DED9 /* Favourites.storyboard in Resources */ = {isa = PBXBuildFile; fileRef = 04F5F57929BF9C9100D9DED9 /* Favourites.storyboard */; };
		04F5F57C29BF9C9A00D9DED9 /* Account.storyboard in Resources */ = {isa = PBXBuildFile; fileRef = 04F5F57B29BF9C9A00D9DED9 /* Account.storyboard */; };
		4584BB0F29DB2A9C00DB43F3 /* NowShowingTableViewCell.swift in Sources */ = {isa = PBXBuildFile; fileRef = 4584BB0D29DB2A9C00DB43F3 /* NowShowingTableViewCell.swift */; };
		4584BB1029DB2A9C00DB43F3 /* NowShowingTableViewCell.xib in Resources */ = {isa = PBXBuildFile; fileRef = 4584BB0E29DB2A9C00DB43F3 /* NowShowingTableViewCell.xib */; };
		4584BB1229E47A0100DB43F3 /* MoviesResponse.swift in Sources */ = {isa = PBXBuildFile; fileRef = 4584BB1129E47A0100DB43F3 /* MoviesResponse.swift */; };
		52BC5BD229CCD6CA003D2E16 /* HomeViewController.swift in Sources */ = {isa = PBXBuildFile; fileRef = 52BC5BD129CCD6CA003D2E16 /* HomeViewController.swift */; };
		D1DCC57B29A7DCD900B7C096 /* AppDelegate.swift in Sources */ = {isa = PBXBuildFile; fileRef = D1DCC57A29A7DCD900B7C096 /* AppDelegate.swift */; };
		D1DCC57D29A7DCD900B7C096 /* SceneDelegate.swift in Sources */ = {isa = PBXBuildFile; fileRef = D1DCC57C29A7DCD900B7C096 /* SceneDelegate.swift */; };
		D1DCC57F29A7DCD900B7C096 /* ViewController.swift in Sources */ = {isa = PBXBuildFile; fileRef = D1DCC57E29A7DCD900B7C096 /* ViewController.swift */; };
		D1DCC58229A7DCD900B7C096 /* Main.storyboard in Resources */ = {isa = PBXBuildFile; fileRef = D1DCC58029A7DCD900B7C096 /* Main.storyboard */; };
		D1DCC58429A7DCDA00B7C096 /* Assets.xcassets in Resources */ = {isa = PBXBuildFile; fileRef = D1DCC58329A7DCDA00B7C096 /* Assets.xcassets */; };
		D1DCC58729A7DCDA00B7C096 /* LaunchScreen.storyboard in Resources */ = {isa = PBXBuildFile; fileRef = D1DCC58529A7DCDA00B7C096 /* LaunchScreen.storyboard */; };
		D1E7775829C3A42900BC8CB9 /* Colors.xcassets in Resources */ = {isa = PBXBuildFile; fileRef = D1E7775729C3A42900BC8CB9 /* Colors.xcassets */; };
		D1E7775B29C3A5AF00BC8CB9 /* UIColor+Extension.swift in Sources */ = {isa = PBXBuildFile; fileRef = D1E7775A29C3A5AF00BC8CB9 /* UIColor+Extension.swift */; };
		D1E7775D29C3A85A00BC8CB9 /* UIFont+Extension.swift in Sources */ = {isa = PBXBuildFile; fileRef = D1E7775C29C3A85A00BC8CB9 /* UIFont+Extension.swift */; };
/* End PBXBuildFile section */

/* Begin PBXFileReference section */
		049EE2AA29BFA18E002BB355 /* MoviesNetworking.swift */ = {isa = PBXFileReference; lastKnownFileType = sourcecode.swift; path = MoviesNetworking.swift; sourceTree = "<group>"; };
		049EE2B129BFA390002BB355 /* Movie.swift */ = {isa = PBXFileReference; lastKnownFileType = sourcecode.swift; path = Movie.swift; sourceTree = "<group>"; };
		049EE2B329BFA60E002BB355 /* Response.swift */ = {isa = PBXFileReference; lastKnownFileType = sourcecode.swift; path = Response.swift; sourceTree = "<group>"; };
		049EE2B629BFA6CE002BB355 /* MoviesNetworkManager.swift */ = {isa = PBXFileReference; lastKnownFileType = sourcecode.swift; path = MoviesNetworkManager.swift; sourceTree = "<group>"; };
		049EE2B829BFAB3D002BB355 /* MoviesAPI.swift */ = {isa = PBXFileReference; lastKnownFileType = sourcecode.swift; path = MoviesAPI.swift; sourceTree = "<group>"; };
		049EE2BA29BFB270002BB355 /* LoadDataViewController.swift */ = {isa = PBXFileReference; lastKnownFileType = sourcecode.swift; path = LoadDataViewController.swift; sourceTree = "<group>"; };
		04F5F57729BF9C5800D9DED9 /* Home.storyboard */ = {isa = PBXFileReference; lastKnownFileType = file.storyboard; path = Home.storyboard; sourceTree = "<group>"; };
		04F5F57929BF9C9100D9DED9 /* Favourites.storyboard */ = {isa = PBXFileReference; lastKnownFileType = file.storyboard; path = Favourites.storyboard; sourceTree = "<group>"; };
		04F5F57B29BF9C9A00D9DED9 /* Account.storyboard */ = {isa = PBXFileReference; lastKnownFileType = file.storyboard; path = Account.storyboard; sourceTree = "<group>"; };
		4584BB0D29DB2A9C00DB43F3 /* NowShowingTableViewCell.swift */ = {isa = PBXFileReference; lastKnownFileType = sourcecode.swift; path = NowShowingTableViewCell.swift; sourceTree = "<group>"; };
		4584BB0E29DB2A9C00DB43F3 /* NowShowingTableViewCell.xib */ = {isa = PBXFileReference; lastKnownFileType = file.xib; path = NowShowingTableViewCell.xib; sourceTree = "<group>"; };
		4584BB1129E47A0100DB43F3 /* MoviesResponse.swift */ = {isa = PBXFileReference; lastKnownFileType = sourcecode.swift; path = MoviesResponse.swift; sourceTree = "<group>"; };
		52BC5BD129CCD6CA003D2E16 /* HomeViewController.swift */ = {isa = PBXFileReference; lastKnownFileType = sourcecode.swift; path = HomeViewController.swift; sourceTree = "<group>"; };
		D1DCC57729A7DCD900B7C096 /* ProMovies.app */ = {isa = PBXFileReference; explicitFileType = wrapper.application; includeInIndex = 0; path = ProMovies.app; sourceTree = BUILT_PRODUCTS_DIR; };
		D1DCC57A29A7DCD900B7C096 /* AppDelegate.swift */ = {isa = PBXFileReference; lastKnownFileType = sourcecode.swift; path = AppDelegate.swift; sourceTree = "<group>"; };
		D1DCC57C29A7DCD900B7C096 /* SceneDelegate.swift */ = {isa = PBXFileReference; lastKnownFileType = sourcecode.swift; path = SceneDelegate.swift; sourceTree = "<group>"; };
		D1DCC57E29A7DCD900B7C096 /* ViewController.swift */ = {isa = PBXFileReference; lastKnownFileType = sourcecode.swift; path = ViewController.swift; sourceTree = "<group>"; };
		D1DCC58129A7DCD900B7C096 /* Base */ = {isa = PBXFileReference; lastKnownFileType = file.storyboard; name = Base; path = Base.lproj/Main.storyboard; sourceTree = "<group>"; };
		D1DCC58329A7DCDA00B7C096 /* Assets.xcassets */ = {isa = PBXFileReference; lastKnownFileType = folder.assetcatalog; path = Assets.xcassets; sourceTree = "<group>"; };
		D1DCC58629A7DCDA00B7C096 /* Base */ = {isa = PBXFileReference; lastKnownFileType = file.storyboard; name = Base; path = Base.lproj/LaunchScreen.storyboard; sourceTree = "<group>"; };
		D1DCC58829A7DCDA00B7C096 /* Info.plist */ = {isa = PBXFileReference; lastKnownFileType = text.plist.xml; path = Info.plist; sourceTree = "<group>"; };
		D1E7775729C3A42900BC8CB9 /* Colors.xcassets */ = {isa = PBXFileReference; lastKnownFileType = folder.assetcatalog; path = Colors.xcassets; sourceTree = "<group>"; };
		D1E7775A29C3A5AF00BC8CB9 /* UIColor+Extension.swift */ = {isa = PBXFileReference; lastKnownFileType = sourcecode.swift; path = "UIColor+Extension.swift"; sourceTree = "<group>"; };
		D1E7775C29C3A85A00BC8CB9 /* UIFont+Extension.swift */ = {isa = PBXFileReference; lastKnownFileType = sourcecode.swift; path = "UIFont+Extension.swift"; sourceTree = "<group>"; };
/* End PBXFileReference section */

/* Begin PBXFrameworksBuildPhase section */
		D1DCC57429A7DCD900B7C096 /* Frameworks */ = {
			isa = PBXFrameworksBuildPhase;
			buildActionMask = 2147483647;
			files = (
			);
			runOnlyForDeploymentPostprocessing = 0;
		};
/* End PBXFrameworksBuildPhase section */

/* Begin PBXGroup section */
		049EE2AC29BFA192002BB355 /* Storyboards */ = {
			isa = PBXGroup;
			children = (
				D1DCC58029A7DCD900B7C096 /* Main.storyboard */,
				D1DCC58529A7DCDA00B7C096 /* LaunchScreen.storyboard */,
				04F5F57729BF9C5800D9DED9 /* Home.storyboard */,
				04F5F57929BF9C9100D9DED9 /* Favourites.storyboard */,
				04F5F57B29BF9C9A00D9DED9 /* Account.storyboard */,
			);
			path = Storyboards;
			sourceTree = "<group>";
		};
		049EE2AE29BFA1C3002BB355 /* View Controllers */ = {
			isa = PBXGroup;
			children = (
				52BC5BD029CCD695003D2E16 /* Home */,
				049EE2BA29BFB270002BB355 /* LoadDataViewController.swift */,
			);
			path = "View Controllers";
			sourceTree = "<group>";
		};
		049EE2AF29BFA1CF002BB355 /* NetworkManager */ = {
			isa = PBXGroup;
			children = (
				049EE2AA29BFA18E002BB355 /* MoviesNetworking.swift */,
				049EE2B629BFA6CE002BB355 /* MoviesNetworkManager.swift */,
				049EE2B829BFAB3D002BB355 /* MoviesAPI.swift */,
			);
			path = NetworkManager;
			sourceTree = "<group>";
		};
		049EE2B029BFA385002BB355 /* Models */ = {
			isa = PBXGroup;
			children = (
				049EE2B129BFA390002BB355 /* Movie.swift */,
				049EE2B329BFA60E002BB355 /* Response.swift */,
				4584BB1129E47A0100DB43F3 /* MoviesResponse.swift */,
			);
			path = Models;
			sourceTree = "<group>";
		};
		049EE2B529BFA68C002BB355 /* Networking */ = {
			isa = PBXGroup;
			children = (
				049EE2B029BFA385002BB355 /* Models */,
				049EE2AF29BFA1CF002BB355 /* NetworkManager */,
			);
			path = Networking;
			sourceTree = "<group>";
		};
		4584BB0C29DB2A5300DB43F3 /* NowShowingCell */ = {
			isa = PBXGroup;
			children = (
				4584BB0D29DB2A9C00DB43F3 /* NowShowingTableViewCell.swift */,
				4584BB0E29DB2A9C00DB43F3 /* NowShowingTableViewCell.xib */,
			);
			path = NowShowingCell;
			sourceTree = "<group>";
		};
		52BC5BD029CCD695003D2E16 /* Home */ = {
			isa = PBXGroup;
			children = (
				4584BB0C29DB2A5300DB43F3 /* NowShowingCell */,
				52BC5BD129CCD6CA003D2E16 /* HomeViewController.swift */,
			);
			path = Home;
			sourceTree = "<group>";
		};
		D1DCC56E29A7DCD900B7C096 = {
			isa = PBXGroup;
			children = (
				D1DCC57929A7DCD900B7C096 /* ProMovies */,
				D1DCC57829A7DCD900B7C096 /* Products */,
			);
			sourceTree = "<group>";
		};
		D1DCC57829A7DCD900B7C096 /* Products */ = {
			isa = PBXGroup;
			children = (
				D1DCC57729A7DCD900B7C096 /* ProMovies.app */,
			);
			name = Products;
			sourceTree = "<group>";
		};
		D1DCC57929A7DCD900B7C096 /* ProMovies */ = {
			isa = PBXGroup;
			children = (
				D1E7775929C3A59700BC8CB9 /* Extension */,
				049EE2B529BFA68C002BB355 /* Networking */,
				049EE2AE29BFA1C3002BB355 /* View Controllers */,
				049EE2AC29BFA192002BB355 /* Storyboards */,
				D1DCC57A29A7DCD900B7C096 /* AppDelegate.swift */,
				D1DCC57C29A7DCD900B7C096 /* SceneDelegate.swift */,
				D1DCC57E29A7DCD900B7C096 /* ViewController.swift */,
				D1DCC58329A7DCDA00B7C096 /* Assets.xcassets */,
				D1E7775729C3A42900BC8CB9 /* Colors.xcassets */,
				D1DCC58829A7DCDA00B7C096 /* Info.plist */,
			);
			path = ProMovies;
			sourceTree = "<group>";
		};
		D1E7775929C3A59700BC8CB9 /* Extension */ = {
			isa = PBXGroup;
			children = (
				D1E7775A29C3A5AF00BC8CB9 /* UIColor+Extension.swift */,
				D1E7775C29C3A85A00BC8CB9 /* UIFont+Extension.swift */,
			);
			path = Extension;
			sourceTree = "<group>";
		};
/* End PBXGroup section */

/* Begin PBXNativeTarget section */
		D1DCC57629A7DCD900B7C096 /* ProMovies */ = {
			isa = PBXNativeTarget;
			buildConfigurationList = D1DCC58B29A7DCDA00B7C096 /* Build configuration list for PBXNativeTarget "ProMovies" */;
			buildPhases = (
				D1DCC57329A7DCD900B7C096 /* Sources */,
				D1DCC57429A7DCD900B7C096 /* Frameworks */,
				D1DCC57529A7DCD900B7C096 /* Resources */,
			);
			buildRules = (
			);
			dependencies = (
			);
			name = ProMovies;
			productName = ProMovies;
			productReference = D1DCC57729A7DCD900B7C096 /* ProMovies.app */;
			productType = "com.apple.product-type.application";
		};
/* End PBXNativeTarget section */

/* Begin PBXProject section */
		D1DCC56F29A7DCD900B7C096 /* Project object */ = {
			isa = PBXProject;
			attributes = {
				BuildIndependentTargetsInParallel = 1;
				LastSwiftUpdateCheck = 1420;
				LastUpgradeCheck = 1420;
				TargetAttributes = {
					D1DCC57629A7DCD900B7C096 = {
						CreatedOnToolsVersion = 14.2;
					};
				};
			};
			buildConfigurationList = D1DCC57229A7DCD900B7C096 /* Build configuration list for PBXProject "ProMovies" */;
			compatibilityVersion = "Xcode 14.0";
			developmentRegion = en;
			hasScannedForEncodings = 0;
			knownRegions = (
				en,
				Base,
			);
			mainGroup = D1DCC56E29A7DCD900B7C096;
			productRefGroup = D1DCC57829A7DCD900B7C096 /* Products */;
			projectDirPath = "";
			projectRoot = "";
			targets = (
				D1DCC57629A7DCD900B7C096 /* ProMovies */,
			);
		};
/* End PBXProject section */

/* Begin PBXResourcesBuildPhase section */
		D1DCC57529A7DCD900B7C096 /* Resources */ = {
			isa = PBXResourcesBuildPhase;
			buildActionMask = 2147483647;
			files = (
				D1DCC58729A7DCDA00B7C096 /* LaunchScreen.storyboard in Resources */,
				D1DCC58429A7DCDA00B7C096 /* Assets.xcassets in Resources */,
				4584BB1029DB2A9C00DB43F3 /* NowShowingTableViewCell.xib in Resources */,
				D1DCC58229A7DCD900B7C096 /* Main.storyboard in Resources */,
				04F5F57829BF9C5800D9DED9 /* Home.storyboard in Resources */,
				04F5F57C29BF9C9A00D9DED9 /* Account.storyboard in Resources */,
				04F5F57A29BF9C9100D9DED9 /* Favourites.storyboard in Resources */,
				D1E7775829C3A42900BC8CB9 /* Colors.xcassets in Resources */,
			);
			runOnlyForDeploymentPostprocessing = 0;
		};
/* End PBXResourcesBuildPhase section */

/* Begin PBXSourcesBuildPhase section */
		D1DCC57329A7DCD900B7C096 /* Sources */ = {
			isa = PBXSourcesBuildPhase;
			buildActionMask = 2147483647;
			files = (
				049EE2B729BFA6CE002BB355 /* MoviesNetworkManager.swift in Sources */,
				049EE2B229BFA390002BB355 /* Movie.swift in Sources */,
				049EE2AB29BFA18E002BB355 /* MoviesNetworking.swift in Sources */,
				4584BB1229E47A0100DB43F3 /* MoviesResponse.swift in Sources */,
				4584BB0F29DB2A9C00DB43F3 /* NowShowingTableViewCell.swift in Sources */,
				D1DCC57F29A7DCD900B7C096 /* ViewController.swift in Sources */,
				D1DCC57B29A7DCD900B7C096 /* AppDelegate.swift in Sources */,
				049EE2B429BFA60E002BB355 /* Response.swift in Sources */,
				D1DCC57D29A7DCD900B7C096 /* SceneDelegate.swift in Sources */,
				049EE2BB29BFB270002BB355 /* LoadDataViewController.swift in Sources */,
				049EE2B929BFAB3D002BB355 /* MoviesAPI.swift in Sources */,
				D1E7775B29C3A5AF00BC8CB9 /* UIColor+Extension.swift in Sources */,
				D1E7775D29C3A85A00BC8CB9 /* UIFont+Extension.swift in Sources */,
				52BC5BD229CCD6CA003D2E16 /* HomeViewController.swift in Sources */,
			);
			runOnlyForDeploymentPostprocessing = 0;
		};
/* End PBXSourcesBuildPhase section */

/* Begin PBXVariantGroup section */
		D1DCC58029A7DCD900B7C096 /* Main.storyboard */ = {
			isa = PBXVariantGroup;
			children = (
				D1DCC58129A7DCD900B7C096 /* Base */,
			);
			name = Main.storyboard;
			sourceTree = "<group>";
		};
		D1DCC58529A7DCDA00B7C096 /* LaunchScreen.storyboard */ = {
			isa = PBXVariantGroup;
			children = (
				D1DCC58629A7DCDA00B7C096 /* Base */,
			);
			name = LaunchScreen.storyboard;
			sourceTree = "<group>";
		};
/* End PBXVariantGroup section */

/* Begin XCBuildConfiguration section */
		D1DCC58929A7DCDA00B7C096 /* Debug */ = {
			isa = XCBuildConfiguration;
			buildSettings = {
				ALWAYS_SEARCH_USER_PATHS = NO;
				CLANG_ANALYZER_NONNULL = YES;
				CLANG_ANALYZER_NUMBER_OBJECT_CONVERSION = YES_AGGRESSIVE;
				CLANG_CXX_LANGUAGE_STANDARD = "gnu++20";
				CLANG_ENABLE_MODULES = YES;
				CLANG_ENABLE_OBJC_ARC = YES;
				CLANG_ENABLE_OBJC_WEAK = YES;
				CLANG_WARN_BLOCK_CAPTURE_AUTORELEASING = YES;
				CLANG_WARN_BOOL_CONVERSION = YES;
				CLANG_WARN_COMMA = YES;
				CLANG_WARN_CONSTANT_CONVERSION = YES;
				CLANG_WARN_DEPRECATED_OBJC_IMPLEMENTATIONS = YES;
				CLANG_WARN_DIRECT_OBJC_ISA_USAGE = YES_ERROR;
				CLANG_WARN_DOCUMENTATION_COMMENTS = YES;
				CLANG_WARN_EMPTY_BODY = YES;
				CLANG_WARN_ENUM_CONVERSION = YES;
				CLANG_WARN_INFINITE_RECURSION = YES;
				CLANG_WARN_INT_CONVERSION = YES;
				CLANG_WARN_NON_LITERAL_NULL_CONVERSION = YES;
				CLANG_WARN_OBJC_IMPLICIT_RETAIN_SELF = YES;
				CLANG_WARN_OBJC_LITERAL_CONVERSION = YES;
				CLANG_WARN_OBJC_ROOT_CLASS = YES_ERROR;
				CLANG_WARN_QUOTED_INCLUDE_IN_FRAMEWORK_HEADER = YES;
				CLANG_WARN_RANGE_LOOP_ANALYSIS = YES;
				CLANG_WARN_STRICT_PROTOTYPES = YES;
				CLANG_WARN_SUSPICIOUS_MOVE = YES;
				CLANG_WARN_UNGUARDED_AVAILABILITY = YES_AGGRESSIVE;
				CLANG_WARN_UNREACHABLE_CODE = YES;
				CLANG_WARN__DUPLICATE_METHOD_MATCH = YES;
				COPY_PHASE_STRIP = NO;
				DEBUG_INFORMATION_FORMAT = dwarf;
				ENABLE_STRICT_OBJC_MSGSEND = YES;
				ENABLE_TESTABILITY = YES;
				GCC_C_LANGUAGE_STANDARD = gnu11;
				GCC_DYNAMIC_NO_PIC = NO;
				GCC_NO_COMMON_BLOCKS = YES;
				GCC_OPTIMIZATION_LEVEL = 0;
				GCC_PREPROCESSOR_DEFINITIONS = (
					"DEBUG=1",
					"$(inherited)",
				);
				GCC_WARN_64_TO_32_BIT_CONVERSION = YES;
				GCC_WARN_ABOUT_RETURN_TYPE = YES_ERROR;
				GCC_WARN_UNDECLARED_SELECTOR = YES;
				GCC_WARN_UNINITIALIZED_AUTOS = YES_AGGRESSIVE;
				GCC_WARN_UNUSED_FUNCTION = YES;
				GCC_WARN_UNUSED_VARIABLE = YES;
				IPHONEOS_DEPLOYMENT_TARGET = 16.2;
				MTL_ENABLE_DEBUG_INFO = INCLUDE_SOURCE;
				MTL_FAST_MATH = YES;
				ONLY_ACTIVE_ARCH = YES;
				SDKROOT = iphoneos;
				SWIFT_ACTIVE_COMPILATION_CONDITIONS = DEBUG;
				SWIFT_OPTIMIZATION_LEVEL = "-Onone";
			};
			name = Debug;
		};
		D1DCC58A29A7DCDA00B7C096 /* Release */ = {
			isa = XCBuildConfiguration;
			buildSettings = {
				ALWAYS_SEARCH_USER_PATHS = NO;
				CLANG_ANALYZER_NONNULL = YES;
				CLANG_ANALYZER_NUMBER_OBJECT_CONVERSION = YES_AGGRESSIVE;
				CLANG_CXX_LANGUAGE_STANDARD = "gnu++20";
				CLANG_ENABLE_MODULES = YES;
				CLANG_ENABLE_OBJC_ARC = YES;
				CLANG_ENABLE_OBJC_WEAK = YES;
				CLANG_WARN_BLOCK_CAPTURE_AUTORELEASING = YES;
				CLANG_WARN_BOOL_CONVERSION = YES;
				CLANG_WARN_COMMA = YES;
				CLANG_WARN_CONSTANT_CONVERSION = YES;
				CLANG_WARN_DEPRECATED_OBJC_IMPLEMENTATIONS = YES;
				CLANG_WARN_DIRECT_OBJC_ISA_USAGE = YES_ERROR;
				CLANG_WARN_DOCUMENTATION_COMMENTS = YES;
				CLANG_WARN_EMPTY_BODY = YES;
				CLANG_WARN_ENUM_CONVERSION = YES;
				CLANG_WARN_INFINITE_RECURSION = YES;
				CLANG_WARN_INT_CONVERSION = YES;
				CLANG_WARN_NON_LITERAL_NULL_CONVERSION = YES;
				CLANG_WARN_OBJC_IMPLICIT_RETAIN_SELF = YES;
				CLANG_WARN_OBJC_LITERAL_CONVERSION = YES;
				CLANG_WARN_OBJC_ROOT_CLASS = YES_ERROR;
				CLANG_WARN_QUOTED_INCLUDE_IN_FRAMEWORK_HEADER = YES;
				CLANG_WARN_RANGE_LOOP_ANALYSIS = YES;
				CLANG_WARN_STRICT_PROTOTYPES = YES;
				CLANG_WARN_SUSPICIOUS_MOVE = YES;
				CLANG_WARN_UNGUARDED_AVAILABILITY = YES_AGGRESSIVE;
				CLANG_WARN_UNREACHABLE_CODE = YES;
				CLANG_WARN__DUPLICATE_METHOD_MATCH = YES;
				COPY_PHASE_STRIP = NO;
				DEBUG_INFORMATION_FORMAT = "dwarf-with-dsym";
				ENABLE_NS_ASSERTIONS = NO;
				ENABLE_STRICT_OBJC_MSGSEND = YES;
				GCC_C_LANGUAGE_STANDARD = gnu11;
				GCC_NO_COMMON_BLOCKS = YES;
				GCC_WARN_64_TO_32_BIT_CONVERSION = YES;
				GCC_WARN_ABOUT_RETURN_TYPE = YES_ERROR;
				GCC_WARN_UNDECLARED_SELECTOR = YES;
				GCC_WARN_UNINITIALIZED_AUTOS = YES_AGGRESSIVE;
				GCC_WARN_UNUSED_FUNCTION = YES;
				GCC_WARN_UNUSED_VARIABLE = YES;
				IPHONEOS_DEPLOYMENT_TARGET = 16.2;
				MTL_ENABLE_DEBUG_INFO = NO;
				MTL_FAST_MATH = YES;
				SDKROOT = iphoneos;
				SWIFT_COMPILATION_MODE = wholemodule;
				SWIFT_OPTIMIZATION_LEVEL = "-O";
				VALIDATE_PRODUCT = YES;
			};
			name = Release;
		};
		D1DCC58C29A7DCDA00B7C096 /* Debug */ = {
			isa = XCBuildConfiguration;
			buildSettings = {
				ASSETCATALOG_COMPILER_APPICON_NAME = AppIcon;
				ASSETCATALOG_COMPILER_GLOBAL_ACCENT_COLOR_NAME = AccentColor;
				CODE_SIGN_STYLE = Automatic;
				CURRENT_PROJECT_VERSION = 1;
				GENERATE_INFOPLIST_FILE = YES;
				INFOPLIST_FILE = ProMovies/Info.plist;
				INFOPLIST_KEY_UIApplicationSupportsIndirectInputEvents = YES;
				INFOPLIST_KEY_UILaunchStoryboardName = LaunchScreen;
				INFOPLIST_KEY_UIMainStoryboardFile = Main;
				INFOPLIST_KEY_UISupportedInterfaceOrientations_iPad = "UIInterfaceOrientationPortrait UIInterfaceOrientationPortraitUpsideDown UIInterfaceOrientationLandscapeLeft UIInterfaceOrientationLandscapeRight";
				INFOPLIST_KEY_UISupportedInterfaceOrientations_iPhone = "UIInterfaceOrientationPortrait UIInterfaceOrientationLandscapeLeft UIInterfaceOrientationLandscapeRight";
				LD_RUNPATH_SEARCH_PATHS = (
					"$(inherited)",
					"@executable_path/Frameworks",
				);
				MARKETING_VERSION = 1.0;
				PRODUCT_BUNDLE_IDENTIFIER = com.ProMovies;
				PRODUCT_NAME = "$(TARGET_NAME)";
				SWIFT_EMIT_LOC_STRINGS = YES;
				SWIFT_VERSION = 5.0;
				TARGETED_DEVICE_FAMILY = "1,2";
			};
			name = Debug;
		};
		D1DCC58D29A7DCDA00B7C096 /* Release */ = {
			isa = XCBuildConfiguration;
			buildSettings = {
				ASSETCATALOG_COMPILER_APPICON_NAME = AppIcon;
				ASSETCATALOG_COMPILER_GLOBAL_ACCENT_COLOR_NAME = AccentColor;
				CODE_SIGN_STYLE = Automatic;
				CURRENT_PROJECT_VERSION = 1;
				GENERATE_INFOPLIST_FILE = YES;
				INFOPLIST_FILE = ProMovies/Info.plist;
				INFOPLIST_KEY_UIApplicationSupportsIndirectInputEvents = YES;
				INFOPLIST_KEY_UILaunchStoryboardName = LaunchScreen;
				INFOPLIST_KEY_UIMainStoryboardFile = Main;
				INFOPLIST_KEY_UISupportedInterfaceOrientations_iPad = "UIInterfaceOrientationPortrait UIInterfaceOrientationPortraitUpsideDown UIInterfaceOrientationLandscapeLeft UIInterfaceOrientationLandscapeRight";
				INFOPLIST_KEY_UISupportedInterfaceOrientations_iPhone = "UIInterfaceOrientationPortrait UIInterfaceOrientationLandscapeLeft UIInterfaceOrientationLandscapeRight";
				LD_RUNPATH_SEARCH_PATHS = (
					"$(inherited)",
					"@executable_path/Frameworks",
				);
				MARKETING_VERSION = 1.0;
				PRODUCT_BUNDLE_IDENTIFIER = com.ProMovies;
				PRODUCT_NAME = "$(TARGET_NAME)";
				SWIFT_EMIT_LOC_STRINGS = YES;
				SWIFT_VERSION = 5.0;
				TARGETED_DEVICE_FAMILY = "1,2";
			};
			name = Release;
		};
/* End XCBuildConfiguration section */

/* Begin XCConfigurationList section */
		D1DCC57229A7DCD900B7C096 /* Build configuration list for PBXProject "ProMovies" */ = {
			isa = XCConfigurationList;
			buildConfigurations = (
				D1DCC58929A7DCDA00B7C096 /* Debug */,
				D1DCC58A29A7DCDA00B7C096 /* Release */,
			);
			defaultConfigurationIsVisible = 0;
			defaultConfigurationName = Release;
		};
		D1DCC58B29A7DCDA00B7C096 /* Build configuration list for PBXNativeTarget "ProMovies" */ = {
			isa = XCConfigurationList;
			buildConfigurations = (
				D1DCC58C29A7DCDA00B7C096 /* Debug */,
				D1DCC58D29A7DCDA00B7C096 /* Release */,
			);
			defaultConfigurationIsVisible = 0;
			defaultConfigurationName = Release;
		};
/* End XCConfigurationList section */
	};
	rootObject = D1DCC56F29A7DCD900B7C096 /* Project object */;
}
